
Microsoft Visual Studio Solution File, Format Version 12.00
# Visual Studio Version 16
VisualStudioVersion = 16.0.32413.511
MinimumVisualStudioVersion = 10.0.40219.1
Project("{FAE04EC0-301F-11D3-BF4B-00C04F79EFBC}") = "Laboratorio6", "Laboratorio6.csproj", "{A666FA73-5188-471F-9A01-554646A3A0F9}"
EndProject
Global
	GlobalSection(SolutionConfigurationPlatforms) = preSolution
		Debug|Any CPU = Debug|Any CPU
		Release|Any CPU = Release|Any CPU
	EndGlobalSection
	GlobalSection(ProjectConfigurationPlatforms) = postSolution
		{A666FA73-5188-471F-9A01-554646A3A0F9}.Debug|Any CPU.ActiveCfg = Debug|Any CPU
		{A666FA73-5188-471F-9A01-554646A3A0F9}.Debug|Any CPU.Build.0 = Debug|Any CPU
		{A666FA73-5188-471F-9A01-554646A3A0F9}.Release|Any CPU.ActiveCfg = Release|Any CPU
		{A666FA73-5188-471F-9A01-554646A3A0F9}.Release|Any CPU.Build.0 = Release|Any CPU
	EndGlobalSection
	GlobalSection(SolutionProperties) = preSolution
		HideSolutionNode = FALSE
	EndGlobalSection
	GlobalSection(ExtensibilityGlobals) = postSolution
		SolutionGuid = {30A424BE-A2D1-4F61-B825-2A1877E478A6}
	EndGlobalSection
EndGlobal
